// !$*UTF8*$!
{
	archiveVersion = 1;
	classes = {
	};
	objectVersion = 48;
	objects = {

/* Begin PBXBuildFile section */
		88B9A0C2544826929FE2E99C /* Pods_ZZCarouselSwiftDemo.framework in Frameworks */ = {isa = PBXBuildFile; fileRef = 4C4DACECC392A71845A690FC /* Pods_ZZCarouselSwiftDemo.framework */; };
		A431B54F1FC2BC1F004DD20D /* ZZCarouselView.swift in Sources */ = {isa = PBXBuildFile; fileRef = A431B54E1FC2BC1F004DD20D /* ZZCarouselView.swift */; };
		A45242A51FCD150E000A75EA /* tb_info_image.png in Resources */ = {isa = PBXBuildFile; fileRef = A45242A31FCD150E000A75EA /* tb_info_image.png */; };
		A45242A61FCD150E000A75EA /* jd_info_image.png in Resources */ = {isa = PBXBuildFile; fileRef = A45242A41FCD150E000A75EA /* jd_info_image.png */; };
		A45242B31FCD1700000A75EA /* ExampleViewController.swift in Sources */ = {isa = PBXBuildFile; fileRef = A45242AA1FCD1700000A75EA /* ExampleViewController.swift */; };
		A45242B41FCD1700000A75EA /* ExampleCell.swift in Sources */ = {isa = PBXBuildFile; fileRef = A45242AB1FCD1700000A75EA /* ExampleCell.swift */; };
		A45242B51FCD1700000A75EA /* Example1Cell.swift in Sources */ = {isa = PBXBuildFile; fileRef = A45242AC1FCD1700000A75EA /* Example1Cell.swift */; };
		A45242B61FCD1700000A75EA /* Example4ViewController.swift in Sources */ = {isa = PBXBuildFile; fileRef = A45242AD1FCD1700000A75EA /* Example4ViewController.swift */; };
		A45242B71FCD1700000A75EA /* Example2Cell.swift in Sources */ = {isa = PBXBuildFile; fileRef = A45242AE1FCD1700000A75EA /* Example2Cell.swift */; };
		A45242B81FCD1700000A75EA /* Example1ViewController.swift in Sources */ = {isa = PBXBuildFile; fileRef = A45242AF1FCD1700000A75EA /* Example1ViewController.swift */; };
		A45242B91FCD1700000A75EA /* Example3ViewController.swift in Sources */ = {isa = PBXBuildFile; fileRef = A45242B01FCD1700000A75EA /* Example3ViewController.swift */; };
		A45242BA1FCD1700000A75EA /* Example2ViewController.swift in Sources */ = {isa = PBXBuildFile; fileRef = A45242B11FCD1700000A75EA /* Example2ViewController.swift */; };
		A45242BB1FCD1700000A75EA /* Example3Cell.swift in Sources */ = {isa = PBXBuildFile; fileRef = A45242B21FCD1700000A75EA /* Example3Cell.swift */; };
		A45242BD1FCD2BEA000A75EA /* Example4TaobaoCell.swift in Sources */ = {isa = PBXBuildFile; fileRef = A45242BC1FCD2BEA000A75EA /* Example4TaobaoCell.swift */; };
		A4ECFCF11FBC34530070484E /* AppDelegate.swift in Sources */ = {isa = PBXBuildFile; fileRef = A4ECFCF01FBC34530070484E /* AppDelegate.swift */; };
		A4ECFCF31FBC34530070484E /* ViewController.swift in Sources */ = {isa = PBXBuildFile; fileRef = A4ECFCF21FBC34530070484E /* ViewController.swift */; };
		A4ECFCF61FBC34530070484E /* Main.storyboard in Resources */ = {isa = PBXBuildFile; fileRef = A4ECFCF41FBC34530070484E /* Main.storyboard */; };
		A4ECFCF81FBC34530070484E /* Assets.xcassets in Resources */ = {isa = PBXBuildFile; fileRef = A4ECFCF71FBC34530070484E /* Assets.xcassets */; };
		A4ECFCFB1FBC34530070484E /* LaunchScreen.storyboard in Resources */ = {isa = PBXBuildFile; fileRef = A4ECFCF91FBC34530070484E /* LaunchScreen.storyboard */; };
		A4ECFD061FBC34530070484E /* ZZCarouselSwiftDemoTests.swift in Sources */ = {isa = PBXBuildFile; fileRef = A4ECFD051FBC34530070484E /* ZZCarouselSwiftDemoTests.swift */; };
		A4ECFD111FBC34540070484E /* ZZCarouselSwiftDemoUITests.swift in Sources */ = {isa = PBXBuildFile; fileRef = A4ECFD101FBC34540070484E /* ZZCarouselSwiftDemoUITests.swift */; };
		A4ECFD381FBC35520070484E /* placeholder.png in Resources */ = {isa = PBXBuildFile; fileRef = A4ECFD321FBC35520070484E /* placeholder.png */; };
		A4ECFD391FBC35520070484E /* zz1.jpg in Resources */ = {isa = PBXBuildFile; fileRef = A4ECFD331FBC35520070484E /* zz1.jpg */; };
		A4ECFD3A1FBC35520070484E /* zz2.jpg in Resources */ = {isa = PBXBuildFile; fileRef = A4ECFD341FBC35520070484E /* zz2.jpg */; };
		A4ECFD3B1FBC35520070484E /* zz3.jpg in Resources */ = {isa = PBXBuildFile; fileRef = A4ECFD351FBC35520070484E /* zz3.jpg */; };
		A4ECFD3C1FBC35520070484E /* zz4.jpg in Resources */ = {isa = PBXBuildFile; fileRef = A4ECFD361FBC35520070484E /* zz4.jpg */; };
		A4ECFD3D1FBC35520070484E /* zz5.jpg in Resources */ = {isa = PBXBuildFile; fileRef = A4ECFD371FBC35520070484E /* zz5.jpg */; };
/* End PBXBuildFile section */

/* Begin PBXContainerItemProxy section */
		A4ECFD021FBC34530070484E /* PBXContainerItemProxy */ = {
			isa = PBXContainerItemProxy;
			containerPortal = A4ECFCE51FBC34530070484E /* Project object */;
			proxyType = 1;
			remoteGlobalIDString = A4ECFCEC1FBC34530070484E;
			remoteInfo = ZZCarouselSwiftDemo;
		};
		A4ECFD0D1FBC34540070484E /* PBXContainerItemProxy */ = {
			isa = PBXContainerItemProxy;
			containerPortal = A4ECFCE51FBC34530070484E /* Project object */;
			proxyType = 1;
			remoteGlobalIDString = A4ECFCEC1FBC34530070484E;
			remoteInfo = ZZCarouselSwiftDemo;
		};
/* End PBXContainerItemProxy section */

/* Begin PBXFileReference section */
		15415EC4440A2478ACFA0A90 /* Pods-ZZCarouselSwiftDemo.release.xcconfig */ = {isa = PBXFileReference; includeInIndex = 1; lastKnownFileType = text.xcconfig; name = "Pods-ZZCarouselSwiftDemo.release.xcconfig"; path = "Pods/Target Support Files/Pods-ZZCarouselSwiftDemo/Pods-ZZCarouselSwiftDemo.release.xcconfig"; sourceTree = "<group>"; };
		4C4DACECC392A71845A690FC /* Pods_ZZCarouselSwiftDemo.framework */ = {isa = PBXFileReference; explicitFileType = wrapper.framework; includeInIndex = 0; path = Pods_ZZCarouselSwiftDemo.framework; sourceTree = BUILT_PRODUCTS_DIR; };
		A431B54E1FC2BC1F004DD20D /* ZZCarouselView.swift */ = {isa = PBXFileReference; fileEncoding = 4; lastKnownFileType = sourcecode.swift; path = ZZCarouselView.swift; sourceTree = "<group>"; };
		A45242A31FCD150E000A75EA /* tb_info_image.png */ = {isa = PBXFileReference; lastKnownFileType = image.png; path = tb_info_image.png; sourceTree = "<group>"; };
		A45242A41FCD150E000A75EA /* jd_info_image.png */ = {isa = PBXFileReference; lastKnownFileType = image.png; path = jd_info_image.png; sourceTree = "<group>"; };
		A45242AA1FCD1700000A75EA /* ExampleViewController.swift */ = {isa = PBXFileReference; fileEncoding = 4; lastKnownFileType = sourcecode.swift; path = ExampleViewController.swift; sourceTree = "<group>"; };
		A45242AB1FCD1700000A75EA /* ExampleCell.swift */ = {isa = PBXFileReference; fileEncoding = 4; lastKnownFileType = sourcecode.swift; path = ExampleCell.swift; sourceTree = "<group>"; };
		A45242AC1FCD1700000A75EA /* Example1Cell.swift */ = {isa = PBXFileReference; fileEncoding = 4; lastKnownFileType = sourcecode.swift; path = Example1Cell.swift; sourceTree = "<group>"; };
		A45242AD1FCD1700000A75EA /* Example4ViewController.swift */ = {isa = PBXFileReference; fileEncoding = 4; lastKnownFileType = sourcecode.swift; path = Example4ViewController.swift; sourceTree = "<group>"; };
		A45242AE1FCD1700000A75EA /* Example2Cell.swift */ = {isa = PBXFileReference; fileEncoding = 4; lastKnownFileType = sourcecode.swift; path = Example2Cell.swift; sourceTree = "<group>"; };
		A45242AF1FCD1700000A75EA /* Example1ViewController.swift */ = {isa = PBXFileReference; fileEncoding = 4; lastKnownFileType = sourcecode.swift; path = Example1ViewController.swift; sourceTree = "<group>"; };
		A45242B01FCD1700000A75EA /* Example3ViewController.swift */ = {isa = PBXFileReference; fileEncoding = 4; lastKnownFileType = sourcecode.swift; path = Example3ViewController.swift; sourceTree = "<group>"; };
		A45242B11FCD1700000A75EA /* Example2ViewController.swift */ = {isa = PBXFileReference; fileEncoding = 4; lastKnownFileType = sourcecode.swift; path = Example2ViewController.swift; sourceTree = "<group>"; };
		A45242B21FCD1700000A75EA /* Example3Cell.swift */ = {isa = PBXFileReference; fileEncoding = 4; lastKnownFileType = sourcecode.swift; path = Example3Cell.swift; sourceTree = "<group>"; };
		A45242BC1FCD2BEA000A75EA /* Example4TaobaoCell.swift */ = {isa = PBXFileReference; lastKnownFileType = sourcecode.swift; path = Example4TaobaoCell.swift; sourceTree = "<group>"; };
		A4ECFCED1FBC34530070484E /* ZZCarouselSwiftDemo.app */ = {isa = PBXFileReference; explicitFileType = wrapper.application; includeInIndex = 0; path = ZZCarouselSwiftDemo.app; sourceTree = BUILT_PRODUCTS_DIR; };
		A4ECFCF01FBC34530070484E /* AppDelegate.swift */ = {isa = PBXFileReference; lastKnownFileType = sourcecode.swift; path = AppDelegate.swift; sourceTree = "<group>"; };
		A4ECFCF21FBC34530070484E /* ViewController.swift */ = {isa = PBXFileReference; lastKnownFileType = sourcecode.swift; path = ViewController.swift; sourceTree = "<group>"; };
		A4ECFCF51FBC34530070484E /* Base */ = {isa = PBXFileReference; lastKnownFileType = file.storyboard; name = Base; path = Base.lproj/Main.storyboard; sourceTree = "<group>"; };
		A4ECFCF71FBC34530070484E /* Assets.xcassets */ = {isa = PBXFileReference; lastKnownFileType = folder.assetcatalog; path = Assets.xcassets; sourceTree = "<group>"; };
		A4ECFCFA1FBC34530070484E /* Base */ = {isa = PBXFileReference; lastKnownFileType = file.storyboard; name = Base; path = Base.lproj/LaunchScreen.storyboard; sourceTree = "<group>"; };
		A4ECFCFC1FBC34530070484E /* Info.plist */ = {isa = PBXFileReference; lastKnownFileType = text.plist.xml; path = Info.plist; sourceTree = "<group>"; };
		A4ECFD011FBC34530070484E /* ZZCarouselSwiftDemoTests.xctest */ = {isa = PBXFileReference; explicitFileType = wrapper.cfbundle; includeInIndex = 0; path = ZZCarouselSwiftDemoTests.xctest; sourceTree = BUILT_PRODUCTS_DIR; };
		A4ECFD051FBC34530070484E /* ZZCarouselSwiftDemoTests.swift */ = {isa = PBXFileReference; lastKnownFileType = sourcecode.swift; path = ZZCarouselSwiftDemoTests.swift; sourceTree = "<group>"; };
		A4ECFD071FBC34530070484E /* Info.plist */ = {isa = PBXFileReference; lastKnownFileType = text.plist.xml; path = Info.plist; sourceTree = "<group>"; };
		A4ECFD0C1FBC34540070484E /* ZZCarouselSwiftDemoUITests.xctest */ = {isa = PBXFileReference; explicitFileType = wrapper.cfbundle; includeInIndex = 0; path = ZZCarouselSwiftDemoUITests.xctest; sourceTree = BUILT_PRODUCTS_DIR; };
		A4ECFD101FBC34540070484E /* ZZCarouselSwiftDemoUITests.swift */ = {isa = PBXFileReference; lastKnownFileType = sourcecode.swift; path = ZZCarouselSwiftDemoUITests.swift; sourceTree = "<group>"; };
		A4ECFD121FBC34540070484E /* Info.plist */ = {isa = PBXFileReference; lastKnownFileType = text.plist.xml; path = Info.plist; sourceTree = "<group>"; };
		A4ECFD321FBC35520070484E /* placeholder.png */ = {isa = PBXFileReference; lastKnownFileType = image.png; path = placeholder.png; sourceTree = "<group>"; };
		A4ECFD331FBC35520070484E /* zz1.jpg */ = {isa = PBXFileReference; lastKnownFileType = image.jpeg; path = zz1.jpg; sourceTree = "<group>"; };
		A4ECFD341FBC35520070484E /* zz2.jpg */ = {isa = PBXFileReference; lastKnownFileType = image.jpeg; path = zz2.jpg; sourceTree = "<group>"; };
		A4ECFD351FBC35520070484E /* zz3.jpg */ = {isa = PBXFileReference; lastKnownFileType = image.jpeg; path = zz3.jpg; sourceTree = "<group>"; };
		A4ECFD361FBC35520070484E /* zz4.jpg */ = {isa = PBXFileReference; lastKnownFileType = image.jpeg; path = zz4.jpg; sourceTree = "<group>"; };
		A4ECFD371FBC35520070484E /* zz5.jpg */ = {isa = PBXFileReference; lastKnownFileType = image.jpeg; path = zz5.jpg; sourceTree = "<group>"; };
		E2E4D51DDB10DB939DFEE096 /* Pods-ZZCarouselSwiftDemo.debug.xcconfig */ = {isa = PBXFileReference; includeInIndex = 1; lastKnownFileType = text.xcconfig; name = "Pods-ZZCarouselSwiftDemo.debug.xcconfig"; path = "Pods/Target Support Files/Pods-ZZCarouselSwiftDemo/Pods-ZZCarouselSwiftDemo.debug.xcconfig"; sourceTree = "<group>"; };
/* End PBXFileReference section */

/* Begin PBXFrameworksBuildPhase section */
		A4ECFCEA1FBC34530070484E /* Frameworks */ = {
			isa = PBXFrameworksBuildPhase;
			buildActionMask = 2147483647;
			files = (
				88B9A0C2544826929FE2E99C /* Pods_ZZCarouselSwiftDemo.framework in Frameworks */,
			);
			runOnlyForDeploymentPostprocessing = 0;
		};
		A4ECFCFE1FBC34530070484E /* Frameworks */ = {
			isa = PBXFrameworksBuildPhase;
			buildActionMask = 2147483647;
			files = (
			);
			runOnlyForDeploymentPostprocessing = 0;
		};
		A4ECFD091FBC34540070484E /* Frameworks */ = {
			isa = PBXFrameworksBuildPhase;
			buildActionMask = 2147483647;
			files = (
			);
			runOnlyForDeploymentPostprocessing = 0;
		};
/* End PBXFrameworksBuildPhase section */

/* Begin PBXGroup section */
		2160257B539B20BCC859C385 /* Pods */ = {
			isa = PBXGroup;
			children = (
				E2E4D51DDB10DB939DFEE096 /* Pods-ZZCarouselSwiftDemo.debug.xcconfig */,
				15415EC4440A2478ACFA0A90 /* Pods-ZZCarouselSwiftDemo.release.xcconfig */,
			);
			name = Pods;
			sourceTree = "<group>";
		};
		A431B54D1FC2BC1F004DD20D /* ZZCarouselSwift */ = {
			isa = PBXGroup;
			children = (
				A431B54E1FC2BC1F004DD20D /* ZZCarouselView.swift */,
			);
			name = ZZCarouselSwift;
			path = ../../ZZCarouselSwift;
			sourceTree = "<group>";
		};
		A45242A91FCD1700000A75EA /* Demo */ = {
			isa = PBXGroup;
			children = (
				A45242AA1FCD1700000A75EA /* ExampleViewController.swift */,
				A45242AB1FCD1700000A75EA /* ExampleCell.swift */,
				A45242AF1FCD1700000A75EA /* Example1ViewController.swift */,
				A45242AC1FCD1700000A75EA /* Example1Cell.swift */,
				A45242B11FCD1700000A75EA /* Example2ViewController.swift */,
				A45242AE1FCD1700000A75EA /* Example2Cell.swift */,
				A45242B01FCD1700000A75EA /* Example3ViewController.swift */,
				A45242B21FCD1700000A75EA /* Example3Cell.swift */,
				A45242AD1FCD1700000A75EA /* Example4ViewController.swift */,
				A45242BC1FCD2BEA000A75EA /* Example4TaobaoCell.swift */,
			);
			path = Demo;
			sourceTree = "<group>";
		};
		A4ECFCE41FBC34530070484E = {
			isa = PBXGroup;
			children = (
				A4ECFCEF1FBC34530070484E /* ZZCarouselSwiftDemo */,
				A4ECFD041FBC34530070484E /* ZZCarouselSwiftDemoTests */,
				A4ECFD0F1FBC34540070484E /* ZZCarouselSwiftDemoUITests */,
				A4ECFCEE1FBC34530070484E /* Products */,
				2160257B539B20BCC859C385 /* Pods */,
				B54D024487E5C194CB562D83 /* Frameworks */,
			);
			sourceTree = "<group>";
		};
		A4ECFCEE1FBC34530070484E /* Products */ = {
			isa = PBXGroup;
			children = (
				A4ECFCED1FBC34530070484E /* ZZCarouselSwiftDemo.app */,
				A4ECFD011FBC34530070484E /* ZZCarouselSwiftDemoTests.xctest */,
				A4ECFD0C1FBC34540070484E /* ZZCarouselSwiftDemoUITests.xctest */,
			);
			name = Products;
			sourceTree = "<group>";
		};
		A4ECFCEF1FBC34530070484E /* ZZCarouselSwiftDemo */ = {
			isa = PBXGroup;
			children = (
				A4ECFCF01FBC34530070484E /* AppDelegate.swift */,
				A4ECFCF21FBC34530070484E /* ViewController.swift */,
				A45242A91FCD1700000A75EA /* Demo */,
				A4ECFD311FBC35520070484E /* image */,
				A431B54D1FC2BC1F004DD20D /* ZZCarouselSwift */,
				A4ECFCF41FBC34530070484E /* Main.storyboard */,
				A4ECFCF71FBC34530070484E /* Assets.xcassets */,
				A4ECFCF91FBC34530070484E /* LaunchScreen.storyboard */,
				A4ECFCFC1FBC34530070484E /* Info.plist */,
			);
			path = ZZCarouselSwiftDemo;
			sourceTree = "<group>";
		};
		A4ECFD041FBC34530070484E /* ZZCarouselSwiftDemoTests */ = {
			isa = PBXGroup;
			children = (
				A4ECFD051FBC34530070484E /* ZZCarouselSwiftDemoTests.swift */,
				A4ECFD071FBC34530070484E /* Info.plist */,
			);
			path = ZZCarouselSwiftDemoTests;
			sourceTree = "<group>";
		};
		A4ECFD0F1FBC34540070484E /* ZZCarouselSwiftDemoUITests */ = {
			isa = PBXGroup;
			children = (
				A4ECFD101FBC34540070484E /* ZZCarouselSwiftDemoUITests.swift */,
				A4ECFD121FBC34540070484E /* Info.plist */,
			);
			path = ZZCarouselSwiftDemoUITests;
			sourceTree = "<group>";
		};
		A4ECFD311FBC35520070484E /* image */ = {
			isa = PBXGroup;
			children = (
				A45242A41FCD150E000A75EA /* jd_info_image.png */,
				A45242A31FCD150E000A75EA /* tb_info_image.png */,
				A4ECFD321FBC35520070484E /* placeholder.png */,
				A4ECFD331FBC35520070484E /* zz1.jpg */,
				A4ECFD341FBC35520070484E /* zz2.jpg */,
				A4ECFD351FBC35520070484E /* zz3.jpg */,
				A4ECFD361FBC35520070484E /* zz4.jpg */,
				A4ECFD371FBC35520070484E /* zz5.jpg */,
			);
			path = image;
			sourceTree = "<group>";
		};
		B54D024487E5C194CB562D83 /* Frameworks */ = {
			isa = PBXGroup;
			children = (
				4C4DACECC392A71845A690FC /* Pods_ZZCarouselSwiftDemo.framework */,
			);
			name = Frameworks;
			sourceTree = "<group>";
		};
/* End PBXGroup section */

/* Begin PBXNativeTarget section */
		A4ECFCEC1FBC34530070484E /* ZZCarouselSwiftDemo */ = {
			isa = PBXNativeTarget;
			buildConfigurationList = A4ECFD151FBC34540070484E /* Build configuration list for PBXNativeTarget "ZZCarouselSwiftDemo" */;
			buildPhases = (
				009126620EF0C8FB7307274A /* [CP] Check Pods Manifest.lock */,
				A4ECFCE91FBC34530070484E /* Sources */,
				A4ECFCEA1FBC34530070484E /* Frameworks */,
				A4ECFCEB1FBC34530070484E /* Resources */,
				48F8D1E711FD064B1BFD852B /* [CP] Embed Pods Frameworks */,
				5946160BA43A8A226C6AD693 /* [CP] Copy Pods Resources */,
			);
			buildRules = (
			);
			dependencies = (
			);
			name = ZZCarouselSwiftDemo;
			productName = ZZCarouselSwiftDemo;
			productReference = A4ECFCED1FBC34530070484E /* ZZCarouselSwiftDemo.app */;
			productType = "com.apple.product-type.application";
		};
		A4ECFD001FBC34530070484E /* ZZCarouselSwiftDemoTests */ = {
			isa = PBXNativeTarget;
			buildConfigurationList = A4ECFD181FBC34540070484E /* Build configuration list for PBXNativeTarget "ZZCarouselSwiftDemoTests" */;
			buildPhases = (
				A4ECFCFD1FBC34530070484E /* Sources */,
				A4ECFCFE1FBC34530070484E /* Frameworks */,
				A4ECFCFF1FBC34530070484E /* Resources */,
			);
			buildRules = (
			);
			dependencies = (
				A4ECFD031FBC34530070484E /* PBXTargetDependency */,
			);
			name = ZZCarouselSwiftDemoTests;
			productName = ZZCarouselSwiftDemoTests;
			productReference = A4ECFD011FBC34530070484E /* ZZCarouselSwiftDemoTests.xctest */;
			productType = "com.apple.product-type.bundle.unit-test";
		};
		A4ECFD0B1FBC34540070484E /* ZZCarouselSwiftDemoUITests */ = {
			isa = PBXNativeTarget;
			buildConfigurationList = A4ECFD1B1FBC34540070484E /* Build configuration list for PBXNativeTarget "ZZCarouselSwiftDemoUITests" */;
			buildPhases = (
				A4ECFD081FBC34540070484E /* Sources */,
				A4ECFD091FBC34540070484E /* Frameworks */,
				A4ECFD0A1FBC34540070484E /* Resources */,
			);
			buildRules = (
			);
			dependencies = (
				A4ECFD0E1FBC34540070484E /* PBXTargetDependency */,
			);
			name = ZZCarouselSwiftDemoUITests;
			productName = ZZCarouselSwiftDemoUITests;
			productReference = A4ECFD0C1FBC34540070484E /* ZZCarouselSwiftDemoUITests.xctest */;
			productType = "com.apple.product-type.bundle.ui-testing";
		};
/* End PBXNativeTarget section */

/* Begin PBXProject section */
		A4ECFCE51FBC34530070484E /* Project object */ = {
			isa = PBXProject;
			attributes = {
				LastSwiftUpdateCheck = 0910;
				LastUpgradeCheck = 0910;
				ORGANIZATIONNAME = Glianze;
				TargetAttributes = {
					A4ECFCEC1FBC34530070484E = {
						CreatedOnToolsVersion = 9.1;
						ProvisioningStyle = Automatic;
					};
					A4ECFD001FBC34530070484E = {
						CreatedOnToolsVersion = 9.1;
						ProvisioningStyle = Automatic;
						TestTargetID = A4ECFCEC1FBC34530070484E;
					};
					A4ECFD0B1FBC34540070484E = {
						CreatedOnToolsVersion = 9.1;
						ProvisioningStyle = Automatic;
						TestTargetID = A4ECFCEC1FBC34530070484E;
					};
				};
			};
			buildConfigurationList = A4ECFCE81FBC34530070484E /* Build configuration list for PBXProject "ZZCarouselSwiftDemo" */;
			compatibilityVersion = "Xcode 8.0";
			developmentRegion = en;
			hasScannedForEncodings = 0;
			knownRegions = (
				en,
				Base,
			);
			mainGroup = A4ECFCE41FBC34530070484E;
			productRefGroup = A4ECFCEE1FBC34530070484E /* Products */;
			projectDirPath = "";
			projectRoot = "";
			targets = (
				A4ECFCEC1FBC34530070484E /* ZZCarouselSwiftDemo */,
				A4ECFD001FBC34530070484E /* ZZCarouselSwiftDemoTests */,
				A4ECFD0B1FBC34540070484E /* ZZCarouselSwiftDemoUITests */,
			);
		};
/* End PBXProject section */

/* Begin PBXResourcesBuildPhase section */
		A4ECFCEB1FBC34530070484E /* Resources */ = {
			isa = PBXResourcesBuildPhase;
			buildActionMask = 2147483647;
			files = (
				A4ECFD3B1FBC35520070484E /* zz3.jpg in Resources */,
				A4ECFD3A1FBC35520070484E /* zz2.jpg in Resources */,
				A45242A61FCD150E000A75EA /* jd_info_image.png in Resources */,
				A4ECFD391FBC35520070484E /* zz1.jpg in Resources */,
				A4ECFCFB1FBC34530070484E /* LaunchScreen.storyboard in Resources */,
				A4ECFD381FBC35520070484E /* placeholder.png in Resources */,
				A4ECFCF81FBC34530070484E /* Assets.xcassets in Resources */,
				A4ECFD3D1FBC35520070484E /* zz5.jpg in Resources */,
				A45242A51FCD150E000A75EA /* tb_info_image.png in Resources */,
				A4ECFD3C1FBC35520070484E /* zz4.jpg in Resources */,
				A4ECFCF61FBC34530070484E /* Main.storyboard in Resources */,
			);
			runOnlyForDeploymentPostprocessing = 0;
		};
		A4ECFCFF1FBC34530070484E /* Resources */ = {
			isa = PBXResourcesBuildPhase;
			buildActionMask = 2147483647;
			files = (
			);
			runOnlyForDeploymentPostprocessing = 0;
		};
		A4ECFD0A1FBC34540070484E /* Resources */ = {
			isa = PBXResourcesBuildPhase;
			buildActionMask = 2147483647;
			files = (
			);
			runOnlyForDeploymentPostprocessing = 0;
		};
/* End PBXResourcesBuildPhase section */

/* Begin PBXShellScriptBuildPhase section */
		009126620EF0C8FB7307274A /* [CP] Check Pods Manifest.lock */ = {
			isa = PBXShellScriptBuildPhase;
			buildActionMask = 2147483647;
			files = (
			);
			inputPaths = (
			);
			name = "[CP] Check Pods Manifest.lock";
			outputPaths = (
			);
			runOnlyForDeploymentPostprocessing = 0;
			shellPath = /bin/sh;
			shellScript = "diff \"${PODS_ROOT}/../Podfile.lock\" \"${PODS_ROOT}/Manifest.lock\" > /dev/null\nif [ $? != 0 ] ; then\n    # print error to STDERR\n    echo \"error: The sandbox is not in sync with the Podfile.lock. Run 'pod install' or update your CocoaPods installation.\" >&2\n    exit 1\nfi\n";
			showEnvVarsInLog = 0;
		};
		48F8D1E711FD064B1BFD852B /* [CP] Embed Pods Frameworks */ = {
			isa = PBXShellScriptBuildPhase;
			buildActionMask = 2147483647;
			files = (
			);
			inputPaths = (
			);
			name = "[CP] Embed Pods Frameworks";
			outputPaths = (
			);
			runOnlyForDeploymentPostprocessing = 0;
			shellPath = /bin/sh;
			shellScript = "\"${SRCROOT}/Pods/Target Support Files/Pods-ZZCarouselSwiftDemo/Pods-ZZCarouselSwiftDemo-frameworks.sh\"\n";
			showEnvVarsInLog = 0;
		};
		5946160BA43A8A226C6AD693 /* [CP] Copy Pods Resources */ = {
			isa = PBXShellScriptBuildPhase;
			buildActionMask = 2147483647;
			files = (
			);
			inputPaths = (
			);
			name = "[CP] Copy Pods Resources";
			outputPaths = (
			);
			runOnlyForDeploymentPostprocessing = 0;
			shellPath = /bin/sh;
			shellScript = "\"${SRCROOT}/Pods/Target Support Files/Pods-ZZCarouselSwiftDemo/Pods-ZZCarouselSwiftDemo-resources.sh\"\n";
			showEnvVarsInLog = 0;
		};
/* End PBXShellScriptBuildPhase section */

/* Begin PBXSourcesBuildPhase section */
		A4ECFCE91FBC34530070484E /* Sources */ = {
			isa = PBXSourcesBuildPhase;
			buildActionMask = 2147483647;
			files = (
				A45242BB1FCD1700000A75EA /* Example3Cell.swift in Sources */,
				A45242B41FCD1700000A75EA /* ExampleCell.swift in Sources */,
				A431B54F1FC2BC1F004DD20D /* ZZCarouselView.swift in Sources */,
				A45242B31FCD1700000A75EA /* ExampleViewController.swift in Sources */,
				A45242BA1FCD1700000A75EA /* Example2ViewController.swift in Sources */,
				A45242B71FCD1700000A75EA /* Example2Cell.swift in Sources */,
				A45242B61FCD1700000A75EA /* Example4ViewController.swift in Sources */,
				A45242BD1FCD2BEA000A75EA /* Example4TaobaoCell.swift in Sources */,
				A4ECFCF31FBC34530070484E /* ViewController.swift in Sources */,
				A45242B51FCD1700000A75EA /* Example1Cell.swift in Sources */,
				A45242B91FCD1700000A75EA /* Example3ViewController.swift in Sources */,
				A4ECFCF11FBC34530070484E /* AppDelegate.swift in Sources */,
				A45242B81FCD1700000A75EA /* Example1ViewController.swift in Sources */,
			);
			runOnlyForDeploymentPostprocessing = 0;
		};
		A4ECFCFD1FBC34530070484E /* Sources */ = {
			isa = PBXSourcesBuildPhase;
			buildActionMask = 2147483647;
			files = (
				A4ECFD061FBC34530070484E /* ZZCarouselSwiftDemoTests.swift in Sources */,
			);
			runOnlyForDeploymentPostprocessing = 0;
		};
		A4ECFD081FBC34540070484E /* Sources */ = {
			isa = PBXSourcesBuildPhase;
			buildActionMask = 2147483647;
			files = (
				A4ECFD111FBC34540070484E /* ZZCarouselSwiftDemoUITests.swift in Sources */,
			);
			runOnlyForDeploymentPostprocessing = 0;
		};
/* End PBXSourcesBuildPhase section */

/* Begin PBXTargetDependency section */
		A4ECFD031FBC34530070484E /* PBXTargetDependency */ = {
			isa = PBXTargetDependency;
			target = A4ECFCEC1FBC34530070484E /* ZZCarouselSwiftDemo */;
			targetProxy = A4ECFD021FBC34530070484E /* PBXContainerItemProxy */;
		};
		A4ECFD0E1FBC34540070484E /* PBXTargetDependency */ = {
			isa = PBXTargetDependency;
			target = A4ECFCEC1FBC34530070484E /* ZZCarouselSwiftDemo */;
			targetProxy = A4ECFD0D1FBC34540070484E /* PBXContainerItemProxy */;
		};
/* End PBXTargetDependency section */

/* Begin PBXVariantGroup section */
		A4ECFCF41FBC34530070484E /* Main.storyboard */ = {
			isa = PBXVariantGroup;
			children = (
				A4ECFCF51FBC34530070484E /* Base */,
			);
			name = Main.storyboard;
			sourceTree = "<group>";
		};
		A4ECFCF91FBC34530070484E /* LaunchScreen.storyboard */ = {
			isa = PBXVariantGroup;
			children = (
				A4ECFCFA1FBC34530070484E /* Base */,
			);
			name = LaunchScreen.storyboard;
			sourceTree = "<group>";
		};
/* End PBXVariantGroup section */

/* Begin XCBuildConfiguration section */
		A4ECFD131FBC34540070484E /* Debug */ = {
			isa = XCBuildConfiguration;
			buildSettings = {
				ALWAYS_SEARCH_USER_PATHS = NO;
				CLANG_ANALYZER_NONNULL = YES;
				CLANG_ANALYZER_NUMBER_OBJECT_CONVERSION = YES_AGGRESSIVE;
				CLANG_CXX_LANGUAGE_STANDARD = "gnu++14";
				CLANG_CXX_LIBRARY = "libc++";
				CLANG_ENABLE_MODULES = YES;
				CLANG_ENABLE_OBJC_ARC = YES;
				CLANG_WARN_BLOCK_CAPTURE_AUTORELEASING = YES;
				CLANG_WARN_BOOL_CONVERSION = YES;
				CLANG_WARN_COMMA = YES;
				CLANG_WARN_CONSTANT_CONVERSION = YES;
				CLANG_WARN_DIRECT_OBJC_ISA_USAGE = YES_ERROR;
				CLANG_WARN_DOCUMENTATION_COMMENTS = YES;
				CLANG_WARN_EMPTY_BODY = YES;
				CLANG_WARN_ENUM_CONVERSION = YES;
				CLANG_WARN_INFINITE_RECURSION = YES;
				CLANG_WARN_INT_CONVERSION = YES;
				CLANG_WARN_NON_LITERAL_NULL_CONVERSION = YES;
				CLANG_WARN_OBJC_LITERAL_CONVERSION = YES;
				CLANG_WARN_OBJC_ROOT_CLASS = YES_ERROR;
				CLANG_WARN_RANGE_LOOP_ANALYSIS = YES;
				CLANG_WARN_STRICT_PROTOTYPES = YES;
				CLANG_WARN_SUSPICIOUS_MOVE = YES;
				CLANG_WARN_UNGUARDED_AVAILABILITY = YES_AGGRESSIVE;
				CLANG_WARN_UNREACHABLE_CODE = YES;
				CLANG_WARN__DUPLICATE_METHOD_MATCH = YES;
				CODE_SIGN_IDENTITY = "iPhone Developer";
				COPY_PHASE_STRIP = NO;
				DEBUG_INFORMATION_FORMAT = dwarf;
				ENABLE_STRICT_OBJC_MSGSEND = YES;
				ENABLE_TESTABILITY = YES;
				GCC_C_LANGUAGE_STANDARD = gnu11;
				GCC_DYNAMIC_NO_PIC = NO;
				GCC_NO_COMMON_BLOCKS = YES;
				GCC_OPTIMIZATION_LEVEL = 0;
				GCC_PREPROCESSOR_DEFINITIONS = (
					"DEBUG=1",
					"$(inherited)",
				);
				GCC_WARN_64_TO_32_BIT_CONVERSION = YES;
				GCC_WARN_ABOUT_RETURN_TYPE = YES_ERROR;
				GCC_WARN_UNDECLARED_SELECTOR = YES;
				GCC_WARN_UNINITIALIZED_AUTOS = YES_AGGRESSIVE;
				GCC_WARN_UNUSED_FUNCTION = YES;
				GCC_WARN_UNUSED_VARIABLE = YES;
				IPHONEOS_DEPLOYMENT_TARGET = 11.1;
				MTL_ENABLE_DEBUG_INFO = YES;
				ONLY_ACTIVE_ARCH = YES;
				SDKROOT = iphoneos;
				SWIFT_ACTIVE_COMPILATION_CONDITIONS = DEBUG;
				SWIFT_OPTIMIZATION_LEVEL = "-Onone";
			};
			name = Debug;
		};
		A4ECFD141FBC34540070484E /* Release */ = {
			isa = XCBuildConfiguration;
			buildSettings = {
				ALWAYS_SEARCH_USER_PATHS = NO;
				CLANG_ANALYZER_NONNULL = YES;
				CLANG_ANALYZER_NUMBER_OBJECT_CONVERSION = YES_AGGRESSIVE;
				CLANG_CXX_LANGUAGE_STANDARD = "gnu++14";
				CLANG_CXX_LIBRARY = "libc++";
				CLANG_ENABLE_MODULES = YES;
				CLANG_ENABLE_OBJC_ARC = YES;
				CLANG_WARN_BLOCK_CAPTURE_AUTORELEASING = YES;
				CLANG_WARN_BOOL_CONVERSION = YES;
				CLANG_WARN_COMMA = YES;
				CLANG_WARN_CONSTANT_CONVERSION = YES;
				CLANG_WARN_DIRECT_OBJC_ISA_USAGE = YES_ERROR;
				CLANG_WARN_DOCUMENTATION_COMMENTS = YES;
				CLANG_WARN_EMPTY_BODY = YES;
				CLANG_WARN_ENUM_CONVERSION = YES;
				CLANG_WARN_INFINITE_RECURSION = YES;
				CLANG_WARN_INT_CONVERSION = YES;
				CLANG_WARN_NON_LITERAL_NULL_CONVERSION = YES;
				CLANG_WARN_OBJC_LITERAL_CONVERSION = YES;
				CLANG_WARN_OBJC_ROOT_CLASS = YES_ERROR;
				CLANG_WARN_RANGE_LOOP_ANALYSIS = YES;
				CLANG_WARN_STRICT_PROTOTYPES = YES;
				CLANG_WARN_SUSPICIOUS_MOVE = YES;
				CLANG_WARN_UNGUARDED_AVAILABILITY = YES_AGGRESSIVE;
				CLANG_WARN_UNREACHABLE_CODE = YES;
				CLANG_WARN__DUPLICATE_METHOD_MATCH = YES;
				CODE_SIGN_IDENTITY = "iPhone Developer";
				COPY_PHASE_STRIP = NO;
				DEBUG_INFORMATION_FORMAT = "dwarf-with-dsym";
				ENABLE_NS_ASSERTIONS = NO;
				ENABLE_STRICT_OBJC_MSGSEND = YES;
				GCC_C_LANGUAGE_STANDARD = gnu11;
				GCC_NO_COMMON_BLOCKS = YES;
				GCC_WARN_64_TO_32_BIT_CONVERSION = YES;
				GCC_WARN_ABOUT_RETURN_TYPE = YES_ERROR;
				GCC_WARN_UNDECLARED_SELECTOR = YES;
				GCC_WARN_UNINITIALIZED_AUTOS = YES_AGGRESSIVE;
				GCC_WARN_UNUSED_FUNCTION = YES;
				GCC_WARN_UNUSED_VARIABLE = YES;
				IPHONEOS_DEPLOYMENT_TARGET = 11.1;
				MTL_ENABLE_DEBUG_INFO = NO;
				SDKROOT = iphoneos;
				SWIFT_OPTIMIZATION_LEVEL = "-Owholemodule";
				VALIDATE_PRODUCT = YES;
			};
			name = Release;
		};
		A4ECFD161FBC34540070484E /* Debug */ = {
			isa = XCBuildConfiguration;
			baseConfigurationReference = E2E4D51DDB10DB939DFEE096 /* Pods-ZZCarouselSwiftDemo.debug.xcconfig */;
			buildSettings = {
				ASSETCATALOG_COMPILER_APPICON_NAME = AppIcon;
				CODE_SIGN_STYLE = Automatic;
				DEVELOPMENT_TEAM = 2UTB3NPRNB;
				INFOPLIST_FILE = ZZCarouselSwiftDemo/Info.plist;
				LD_RUNPATH_SEARCH_PATHS = "$(inherited) @executable_path/Frameworks";
				PRODUCT_BUNDLE_IDENTIFIER = com.glianze.ZZCarouselSwiftDemo;
				PRODUCT_NAME = "$(TARGET_NAME)";
				SWIFT_VERSION = 4.0;
				TARGETED_DEVICE_FAMILY = "1,2";
			};
			name = Debug;
		};
		A4ECFD171FBC34540070484E /* Release */ = {
			isa = XCBuildConfiguration;
			baseConfigurationReference = 15415EC4440A2478ACFA0A90 /* Pods-ZZCarouselSwiftDemo.release.xcconfig */;
			buildSettings = {
				ASSETCATALOG_COMPILER_APPICON_NAME = AppIcon;
				CODE_SIGN_STYLE = Automatic;
				DEVELOPMENT_TEAM = 2UTB3NPRNB;
				INFOPLIST_FILE = ZZCarouselSwiftDemo/Info.plist;
				LD_RUNPATH_SEARCH_PATHS = "$(inherited) @executable_path/Frameworks";
				PRODUCT_BUNDLE_IDENTIFIER = com.glianze.ZZCarouselSwiftDemo;
				PRODUCT_NAME = "$(TARGET_NAME)";
				SWIFT_VERSION = 4.0;
				TARGETED_DEVICE_FAMILY = "1,2";
			};
			name = Release;
		};
		A4ECFD191FBC34540070484E /* Debug */ = {
			isa = XCBuildConfiguration;
			buildSettings = {
				ALWAYS_EMBED_SWIFT_STANDARD_LIBRARIES = YES;
				BUNDLE_LOADER = "$(TEST_HOST)";
				CODE_SIGN_STYLE = Automatic;
				INFOPLIST_FILE = ZZCarouselSwiftDemoTests/Info.plist;
				LD_RUNPATH_SEARCH_PATHS = "$(inherited) @executable_path/Frameworks @loader_path/Frameworks";
				PRODUCT_BUNDLE_IDENTIFIER = com.glianze.ZZCarouselSwiftDemoTests;
				PRODUCT_NAME = "$(TARGET_NAME)";
				SWIFT_VERSION = 4.0;
				TARGETED_DEVICE_FAMILY = "1,2";
				TEST_HOST = "$(BUILT_PRODUCTS_DIR)/ZZCarouselSwiftDemo.app/ZZCarouselSwiftDemo";
			};
			name = Debug;
		};
		A4ECFD1A1FBC34540070484E /* Release */ = {
			isa = XCBuildConfiguration;
			buildSettings = {
				ALWAYS_EMBED_SWIFT_STANDARD_LIBRARIES = YES;
				BUNDLE_LOADER = "$(TEST_HOST)";
				CODE_SIGN_STYLE = Automatic;
				INFOPLIST_FILE = ZZCarouselSwiftDemoTests/Info.plist;
				LD_RUNPATH_SEARCH_PATHS = "$(inherited) @executable_path/Frameworks @loader_path/Frameworks";
				PRODUCT_BUNDLE_IDENTIFIER = com.glianze.ZZCarouselSwiftDemoTests;
				PRODUCT_NAME = "$(TARGET_NAME)";
				SWIFT_VERSION = 4.0;
				TARGETED_DEVICE_FAMILY = "1,2";
				TEST_HOST = "$(BUILT_PRODUCTS_DIR)/ZZCarouselSwiftDemo.app/ZZCarouselSwiftDemo";
			};
			name = Release;
		};
		A4ECFD1C1FBC34540070484E /* Debug */ = {
			isa = XCBuildConfiguration;
			buildSettings = {
				ALWAYS_EMBED_SWIFT_STANDARD_LIBRARIES = YES;
				CODE_SIGN_STYLE = Automatic;
				INFOPLIST_FILE = ZZCarouselSwiftDemoUITests/Info.plist;
				LD_RUNPATH_SEARCH_PATHS = "$(inherited) @executable_path/Frameworks @loader_path/Frameworks";
				PRODUCT_BUNDLE_IDENTIFIER = com.glianze.ZZCarouselSwiftDemoUITests;
				PRODUCT_NAME = "$(TARGET_NAME)";
				SWIFT_VERSION = 4.0;
				TARGETED_DEVICE_FAMILY = "1,2";
				TEST_TARGET_NAME = ZZCarouselSwiftDemo;
			};
			name = Debug;
		};
		A4ECFD1D1FBC34540070484E /* Release */ = {
			isa = XCBuildConfiguration;
			buildSettings = {
				ALWAYS_EMBED_SWIFT_STANDARD_LIBRARIES = YES;
				CODE_SIGN_STYLE = Automatic;
				INFOPLIST_FILE = ZZCarouselSwiftDemoUITests/Info.plist;
				LD_RUNPATH_SEARCH_PATHS = "$(inherited) @executable_path/Frameworks @loader_path/Frameworks";
				PRODUCT_BUNDLE_IDENTIFIER = com.glianze.ZZCarouselSwiftDemoUITests;
				PRODUCT_NAME = "$(TARGET_NAME)";
				SWIFT_VERSION = 4.0;
				TARGETED_DEVICE_FAMILY = "1,2";
				TEST_TARGET_NAME = ZZCarouselSwiftDemo;
			};
			name = Release;
		};
/* End XCBuildConfiguration section */

/* Begin XCConfigurationList section */
		A4ECFCE81FBC34530070484E /* Build configuration list for PBXProject "ZZCarouselSwiftDemo" */ = {
			isa = XCConfigurationList;
			buildConfigurations = (
				A4ECFD131FBC34540070484E /* Debug */,
				A4ECFD141FBC34540070484E /* Release */,
			);
			defaultConfigurationIsVisible = 0;
			defaultConfigurationName = Release;
		};
		A4ECFD151FBC34540070484E /* Build configuration list for PBXNativeTarget "ZZCarouselSwiftDemo" */ = {
			isa = XCConfigurationList;
			buildConfigurations = (
				A4ECFD161FBC34540070484E /* Debug */,
				A4ECFD171FBC34540070484E /* Release */,
			);
			defaultConfigurationIsVisible = 0;
			defaultConfigurationName = Release;
		};
		A4ECFD181FBC34540070484E /* Build configuration list for PBXNativeTarget "ZZCarouselSwiftDemoTests" */ = {
			isa = XCConfigurationList;
			buildConfigurations = (
				A4ECFD191FBC34540070484E /* Debug */,
				A4ECFD1A1FBC34540070484E /* Release */,
			);
			defaultConfigurationIsVisible = 0;
			defaultConfigurationName = Release;
		};
		A4ECFD1B1FBC34540070484E /* Build configuration list for PBXNativeTarget "ZZCarouselSwiftDemoUITests" */ = {
			isa = XCConfigurationList;
			buildConfigurations = (
				A4ECFD1C1FBC34540070484E /* Debug */,
				A4ECFD1D1FBC34540070484E /* Release */,
			);
			defaultConfigurationIsVisible = 0;
			defaultConfigurationName = Release;
		};
/* End XCConfigurationList section */
	};
	rootObject = A4ECFCE51FBC34530070484E /* Project object */;
}
